github.com/BurntSushi/toml v0.3.1 h1:WXkYYl6Yr3qBf1K79EBnL4mak0OimBfB0XUf9Vl28OQ=
github.com/BurntSushi/toml v0.3.1/go.mod h1:xHWCNGjB5oqiDr8zfno3MHue2Ht5sIBksp03qcyfWMU=
github.com/Yprolic/TomlConfiguration v0.0.0-20180316083125-85b8114d56e4 h1:fFm6++dhNlErUM+yz2BqvRTqnYy7zEVXvOKnaZsenRI=
github.com/Yprolic/TomlConfiguration v0.0.0-20180316083125-85b8114d56e4/go.mod h1:W4rRBa4z4X92Iuh094GoEOhWQMRlUNFUyglvqESJ0xE=
